lockfileVersion: '9.0'

settings:
  autoInstallPeers: true
  excludeLinksFromLockfile: false

importers:

  .:
    devDependencies:
      '@biomejs/biome':
        specifier: ^2.3.4
        version: 2.5.11
      '@types/node':
        specifier: ^24.10.1
        version: 24.13.3
      oxc-minify:
        specifier: ^0.96.0
        version: 0.96.0(@emnapi/core@1.11.3)(@emnapi/runtime@1.11.3)
      typescript:
        specifier: ^5.9.3
        version: 5.9.3

packages:

  '@biomejs/biome@2.5.11':
    resolution: {integrity: sha512-Tj0dnkLPdW0ASjHfj2D/ZkkvPU2wrFmnE1jWTD2xzV1ycapV1DutbYXk4NDnR3rYTi1ZCbNFD4G2gRMEY65WaA==}
    engines: {node: '>=14.21.3'}
    hasBin: true

  '@biomejs/cli-darwin-arm64@2.5.11':
    resolution: {integrity: sha512-6SGZxoKbXvUjMn1t6A98HqWISPnGNbYs0R/Rt2JarmXBSev+lva4QxUMWEBX9lX1Wo1XTJ78uk5xVDtG58SRZg==}
    engines: {node: '>=14.21.3'}
    cpu: [arm64]
    os: [darwin]

  '@biomejs/cli-darwin-x64@2.5.11':
    resolution: {integrity: sha512-nYkXY7tLBEgnGbYapDKAyKzgt44ZEyG+AKalvTXtCWKYgepI9dw327q+cVgedxm+Udi1ZzHKUyZrIusHi/KQbw==}
    engines: {node: '>=14.21.3'}
    cpu: [x64]
    os: [darwin]

  '@biomejs/cli-linux-arm64-musl@2.5.11':
    resolution: {integrity: sha512-qhyZUMyCbWYFV2bAwRNVvfMVZ+hv7WYl6mossGrxC+uiQQXhvsuWWU8zz6jYX0mChZd9MgQZbm4vozTmG/5iGw==}
    engines: {node: '>=14.21.3'}
    cpu: [arm64]
    os: [linux]
    libc: [musl]

  '@biomejs/cli-linux-arm64@2.5.11':
    resolution: {integrity: sha512-3PVLSTD9RR73rvVPt5G3T1gc+ycggWEGfTD7RvzzbtcDPD27NxgxBbAFfpm7DXJKW6VLHWE1lLMGvFt2Qxjcow==}
    engines: {node: '>=14.21.3'}
    cpu: [arm64]
    os: [linux]
    libc: [glibc]

  '@biomejs/cli-linux-x64-musl@2.5.11':
    resolution: {integrity: sha512-oRRlrchG5EfrEL/EmtT1qUjSNHk3/5LGeZhQqADBBAJF1b1ET6964xEKe7aGlGARzDfza8H/seEsFJl7S6Ql9w==}
    engines: {node: '>=14.21.3'}
    cpu: [x64]
    os: [linux]
    libc: [musl]

  '@biomejs/cli-linux-x64@2.5.11':
    resolution: {integrity: sha512-JOytptlsgM33B2MMFUg8iBrb4IKpbD5JnJrSeYiaFEeAj4vuXx0iQSQZ4qK7sqyMtfjZxxPdNdMZZVL4y/mFyA==}
    engines: {node: '>=14.21.3'}
    cpu: [x64]
    os: [linux]
    libc: [glibc]

  '@biomejs/cli-win32-arm64@2.5.11':
    resolution: {integrity: sha512-e49E6K9hzH/ohJNx8Y26mY8HaV4I4ZViIeoqhKsmoXLKHhQnMeBAVqCgsGf2Wa3lXlS7RkporDXMHHWkzvZzFw==}
    engines: {node: '>=14.21.3'}
    cpu: [arm64]
    os: [win32]

  '@biomejs/cli-win32-x64@2.5.11':
    resolution: {integrity: sha512-QSQr/KjOgXA7OzXJUWS+oguKyAZ3Q0l/lnlDGbu397eKo83atuWUjBPJrsqbKNF6CARGw8XXJLGzpHC8Ryhd4Q==}
    engines: {node: '>=14.21.3'}
    cpu: [x64]
    os: [win32]

  '@emnapi/core@1.11.3':
    resolution: {integrity: sha512-zLpS5asjEb7lq8jYLq37N6XKaE41DIexlY1rF/z4/tIl3wo13Sqm28fRyfIsKZD+NZ8mM5RoKkpW/rBcuoSZSg==}

  '@emnapi/runtime@1.11.3':
    resolution: {integrity: sha512-Xz4Tpyki7XyrpbUK1jR1AhdAdaXyhhY4lZ3neLodmhpuWfy2PAQN5B46sAiU4liOXGLkHypn/qU+jvfWSCYYLA==}

  '@emnapi/wasi-threads@1.2.3':
    resolution: {integrity: sha512-ELEBe8PsLvvJ6QMr0zLt8ffvOHW/dc1m3CEzNMg7aJUv3bMaoDtw2TXyDAwkYBuroxxuHEwhRTLJSe5sya547g==}

  '@napi-rs/wasm-runtime@1.2.3':
    resolution: {integrity: sha512-UMduMbqO5s5zF2NkNacMT/yK5Y5QiKvWr2+50bzIIxFDwVJ2h49b+oyjaCGPhJxd2/gC2x39EHv/gHVuu36x2Q==}
    engines: {node: ^20.19.0 || ^22.13.0 || >=23.5.0}
    peerDependencies:
      '@emnapi/core': ^1.7.1 || ^2.0.0-alpha.4
      '@emnapi/runtime': ^1.7.1 || ^2.0.0-alpha.4

  '@oxc-minify/binding-android-arm64@0.96.0':
    resolution: {integrity: sha512-lzeIEMu/v6Y+La5JSesq4hvyKtKBq84cgQpKYTYM/yGuNk2tfd5Ha31hnC+mTh48lp/5vZH+WBfjVUjjINCfug==}
    engines: {node: ^20.19.0 || >=22.12.0}
    cpu: [arm64]
    os: [android]

  '@oxc-minify/binding-darwin-arm64@0.96.0':
    resolution: {integrity: sha512-i0LkJAUXb4BeBFrJQbMKQPoxf8+cFEffDyLSb7NEzzKuPcH8qrVsnEItoOzeAdYam8Sr6qCHVwmBNEQzl7PWpw==}
    engines: {node: ^20.19.0 || >=22.12.0}
    cpu: [arm64]
    os: [darwin]

  '@oxc-minify/binding-darwin-x64@0.96.0':
    resolution: {integrity: sha512-C5vI0WPR+KPIFAD5LMOJk2J8iiT+Nv65vDXmemzXEXouzfEOLYNqnW+u6NSsccpuZHHWAiLyPFkYvKFduveAUQ==}
    engines: {node: ^20.19.0 || >=22.12.0}
    cpu: [x64]
    os: [darwin]

  '@oxc-minify/binding-freebsd-x64@0.96.0':
    resolution: {integrity: sha512-3//5DNx+xUjVBMLLk2sl6hfe4fwfENJtjVQUBXjxzwPuv8xgZUqASG4cRG3WqG5Qe8dV6SbCI4EgKQFjO4KCZA==}
    engines: {node: ^20.19.0 || >=22.12.0}
    cpu: [x64]
    os: [freebsd]

  '@oxc-minify/binding-linux-arm-gnueabihf@0.96.0':
    resolution: {integrity: sha512-WXChFKV7VdDk1NePDK1J31cpSvxACAVztJ7f7lJVYBTkH+iz5D0lCqPcE7a9eb7nC3xvz4yk7DM6dA9wlUQkQg==}
    engines: {node: ^20.19.0 || >=22.12.0}
    cpu: [arm]
    os: [linux]

  '@oxc-minify/binding-linux-arm-musleabihf@0.96.0':
    resolution: {integrity: sha512-7B18glYMX4Z/YoqgE3VRLs/2YhVLxlxNKSgrtsRpuR8xv58xca+hEhiFwZN1Rn+NSMZ29Z33LWD7iYWnqYFvRA==}
    engines: {node: ^20.19.0 || >=22.12.0}
    cpu: [arm]
    os: [linux]

  '@oxc-minify/binding-linux-arm64-gnu@0.96.0':
    resolution: {integrity: sha512-Yl+KcTldsEJNcaYxxonwAXZ2q3gxIzn3kXYQWgKWdaGIpNhOCWqF+KE5WLsldoh5Ro5SHtomvb8GM6cXrIBMog==}
    engines: {node: ^20.19.0 || >=22.12.0}
    cpu: [arm64]
    os: [linux]
    libc: [glibc]

  '@oxc-minify/binding-linux-arm64-musl@0.96.0':
    resolution: {integrity: sha512-rNqoFWOWaxwMmUY5fspd/h5HfvgUlA3sv9CUdA2MpnHFiyoJNovR7WU8tGh+Yn0qOAs0SNH0a05gIthHig14IA==}
    engines: {node: ^20.19.0 || >=22.12.0}
    cpu: [arm64]
    os: [linux]
    libc: [musl]

  '@oxc-minify/binding-linux-riscv64-gnu@0.96.0':
    resolution: {integrity: sha512-3paajIuzGnukHwSI3YBjYVqbd72pZd8NJxaayaNFR0AByIm8rmIT5RqFXbq8j2uhtpmNdZRXiu0em1zOmIScWA==}
    engines: {node: ^20.19.0 || >=22.12.0}
    cpu: [riscv64]
    os: [linux]
    libc: [glibc]

  '@oxc-minify/binding-linux-s390x-gnu@0.96.0':
    resolution: {integrity: sha512-9ESrpkB2XG0lQ89JlsxlZa86iQCOs+jkDZLl6O+u5wb7ynUy21bpJJ1joauCOSYIOUlSy3+LbtJLiqi7oSQt5Q==}
    engines: {node: ^20.19.0 || >=22.12.0}
    cpu: [s390x]
    os: [linux]
    libc: [glibc]

  '@oxc-minify/binding-linux-x64-gnu@0.96.0':
    resolution: {integrity: sha512-UMM1jkns+p+WwwmdjC5giI3SfR2BCTga18x3C0cAu6vDVf4W37uTZeTtSIGmwatTBbgiq++Te24/DE0oCdm1iQ==}
    engines: {node: ^20.19.0 || >=22.12.0}
    cpu: [x64]
    os: [linux]
    libc: [glibc]

  '@oxc-minify/binding-linux-x64-musl@0.96.0':
    resolution: {integrity: sha512-8b1naiC7MdP7xeMi7cQ5tb9W1rZAP9Qz/jBRqp1Y5EOZ1yhSGnf1QWuZ/0pCc+XiB9vEHXEY3Aki/H+86m2eOg==}
    engines: {node: ^20.19.0 || >=22.12.0}
    cpu: [x64]
    os: [linux]
    libc: [musl]

  '@oxc-minify/binding-wasm32-wasi@0.96.0':
    resolution: {integrity: sha512-bjGDjkGzo3GWU9Vg2qiFUrfoo5QxojPNV/2RHTlbIB5FWkkV4ExVjsfyqihFiAuj0NXIZqd2SAiEq9htVd3RFw==}
    engines: {node: '>=14.0.0'}
    cpu: [wasm32]

  '@oxc-minify/binding-win32-arm64-msvc@0.96.0':
    resolution: {integrity: sha512-4L4DlHUT47qMWQuTyUghpncR3NZHWtxvd0G1KgSjVgXf+cXzFdWQCWZZtCU0yrmOoVCNUf4S04IFCJyAe+Ie7A==}
    engines: {node: ^20.19.0 || >=22.12.0}
    cpu: [arm64]
    os: [win32]

  '@oxc-minify/binding-win32-x64-msvc@0.96.0':
    resolution: {integrity: sha512-T2ijfqZLpV2bgGGocXV4SXTuMoouqN0asYTIm+7jVOLvT5XgDogf3ZvCmiEnSWmxl21+r5wHcs8voU2iUROXAg==}
    engines: {node: ^20.19.0 || >=22.12.0}
    cpu: [x64]
    os: [win32]

  '@tybys/wasm-util@0.10.3':
    resolution: {integrity: sha512-F3fo1MYrRJYL3zER0OUOmkutjr1Vp23m7OsSgp7nq4SP6OqX6C/56XFIPAl5bt3zaBRjmW7SGz3u/6LwFpYcOg==}

  '@types/node@24.13.3':
    resolution: {integrity: sha512-Dh8vAsV36ig5wa9OX4pXvMc9D3Veibfw2wix0CUwYODLD8nkj9UsLjASr49nPg+2eKzxhBV+v7L8pXvT4e639Q==}

  oxc-minify@0.96.0:
    resolution: {integrity: sha512-dXeeGrfPJJ4rMdw+NrqiCRtbzVX2ogq//R0Xns08zql2HjV3Zi2SBJ65saqfDaJzd2bcHqvGWH+M44EQCHPAcA==}
    engines: {node: ^20.19.0 || >=22.12.0}

  tslib@2.8.1:
    resolution: {integrity: sha512-oJFu94HQb+KVduSUQL7wnpmqnfmLsOA/nAh6b6EH0wCEoK0/mPeXU6c3wKDV83MkOuHPRHtSXKKU99IBazS/2w==}

  typescript@5.9.3:
    resolution: {integrity: sha512-jl1vZzPDinLr9eUt3J/t7V6FgNEw9QjvBPdysz9KfQDD41fQrC2Y4vKQdiaUpFT4bXlb1RHhLpp8wtm6M5TgSw==}
    engines: {node: '>=14.17'}
    hasBin: true

  undici-types@7.18.2:
    resolution: {integrity: sha512-AsuCzffGHJybSaRrmr5eHr81mwJU3kjw6M+uprWvCXiNeN9SOGwQ3Jn8jb8m3Z6izVgknn1R0FTCEAP2QrLY/w==}

snapshots:

  '@biomejs/biome@2.5.11':
    optionalDependencies:
      '@biomejs/cli-darwin-arm64': 2.5.11
      '@biomejs/cli-darwin-x64': 2.5.11
      '@biomejs/cli-linux-arm64': 2.5.11
      '@biomejs/cli-linux-arm64-musl': 2.5.11
      '@biomejs/cli-linux-x64': 2.5.11
      '@biomejs/cli-linux-x64-musl': 2.5.11
      '@biomejs/cli-win32-arm64': 2.5.11
      '@biomejs/cli-win32-x64': 2.5.11

  '@biomejs/cli-darwin-arm64@2.5.11':
    optional: true

  '@biomejs/cli-darwin-x64@2.5.11':
    optional: true

  '@biomejs/cli-linux-arm64-musl@2.5.11':
    optional: true

  '@biomejs/cli-linux-arm64@2.5.11':
    optional: true

  '@biomejs/cli-linux-x64-musl@2.5.11':
    optional: true

  '@biomejs/cli-linux-x64@2.5.11':
    optional: true

  '@biomejs/cli-win32-arm64@2.5.11':
    optional: true

  '@biomejs/cli-win32-x64@2.5.11':
    optional: true

  '@emnapi/core@1.11.3':
    dependencies:
      '@emnapi/wasi-threads': 1.2.3
      tslib: 2.8.1
    optional: true

  '@emnapi/runtime@1.11.3':
    dependencies:
      tslib: 2.8.1
    optional: true

  '@emnapi/wasi-threads@1.2.3':
    dependencies:
      tslib: 2.8.1
    optional: true

  '@napi-rs/wasm-runtime@1.2.3(@emnapi/core@1.11.3)(@emnapi/runtime@1.11.3)':
    dependencies:
      '@emnapi/core': 1.11.3
      '@emnapi/runtime': 1.11.3
      '@tybys/wasm-util': 0.10.3
    optional: true

  '@oxc-minify/binding-android-arm64@0.96.0':
    optional: true

  '@oxc-minify/binding-darwin-arm64@0.96.0':
    optional: true

  '@oxc-minify/binding-darwin-x64@0.96.0':
    optional: true

  '@oxc-minify/binding-freebsd-x64@0.96.0':
    optional: true

  '@oxc-minify/binding-linux-arm-gnueabihf@0.96.0':
    optional: true

  '@oxc-minify/binding-linux-arm-musleabihf@0.96.0':
    optional: true

  '@oxc-minify/binding-linux-arm64-gnu@0.96.0':
    optional: true

  '@oxc-minify/binding-linux-arm64-musl@0.96.0':
    optional: true

  '@oxc-minify/binding-linux-riscv64-gnu@0.96.0':
    optional: true

  '@oxc-minify/binding-linux-s390x-gnu@0.96.0':
    optional: true

  '@oxc-minify/binding-linux-x64-gnu@0.96.0':
    optional: true

  '@oxc-minify/binding-linux-x64-musl@0.96.0':
    optional: true

  '@oxc-minify/binding-wasm32-wasi@0.96.0(@emnapi/core@1.11.3)(@emnapi/runtime@1.11.3)':
    dependencies:
      '@napi-rs/wasm-runtime': 1.2.3(@emnapi/core@1.11.3)(@emnapi/runtime@1.11.3)
    transitivePeerDependencies:
      - '@emnapi/core'
      - '@emnapi/runtime'
    optional: true

  '@oxc-minify/binding-win32-arm64-msvc@0.96.0':
    optional: true

  '@oxc-minify/binding-win32-x64-msvc@0.96.0':
    optional: true

  '@tybys/wasm-util@0.10.3':
    dependencies:
      tslib: 2.8.1
    optional: true

  '@types/node@24.13.3':
    dependencies:
      undici-types: 7.18.2

  oxc-minify@0.96.0(@emnapi/core@1.11.3)(@emnapi/runtime@1.11.3):
    optionalDependencies:
      '@oxc-minify/binding-android-arm64': 0.96.0
      '@oxc-minify/binding-darwin-arm64': 0.96.0
      '@oxc-minify/binding-darwin-x64': 0.96.0
      '@oxc-minify/binding-freebsd-x64': 0.96.0
      '@oxc-minify/binding-linux-arm-gnueabihf': 0.96.0
      '@oxc-minify/binding-linux-arm-musleabihf': 0.96.0
      '@oxc-minify/binding-linux-arm64-gnu': 0.96.0
      '@oxc-minify/binding-linux-arm64-musl': 0.96.0
      '@oxc-minify/binding-linux-riscv64-gnu': 0.96.0
      '@oxc-minify/binding-linux-s390x-gnu': 0.96.0
      '@oxc-minify/binding-linux-x64-gnu': 0.96.0
      '@oxc-minify/binding-linux-x64-musl': 0.96.0
      '@oxc-minify/binding-wasm32-wasi': 0.96.0(@emnapi/core@1.11.3)(@emnapi/runtime@1.11.3)
      '@oxc-minify/binding-win32-arm64-msvc': 0.96.0
      '@oxc-minify/binding-win32-x64-msvc': 0.96.0
    transitivePeerDependencies:
      - '@emnapi/core'
      - '@emnapi/runtime'

  tslib@2.8.1:
    optional: true

  typescript@5.9.3: {}

  undici-types@7.18.2: {}
